// !$*UTF8*$!
{
	archiveVersion = 1;
	classes = {
	};
	objectVersion = 55;
	objects = {

/* Begin PBXBuildFile section */
		F60A5B5828390AA9006DB4F9 /* print_characters.c in Sources */ = {isa = PBXBuildFile; fileRef = F60A5B5728390AA9006DB4F9 /* print_characters.c */; };
		F60A5B5B283929A6006DB4F9 /* area_struct.c in Sources */ = {isa = PBXBuildFile; fileRef = F60A5B5A283929A6006DB4F9 /* area_struct.c */; };
		F65FD99F284BB07E008D597F /* pointer_check.c in Sources */ = {isa = PBXBuildFile; fileRef = F65FD99E284BB07E008D597F /* pointer_check.c */; };
		F674B2EB2837D00A001AB17F /* executer.c in Sources */ = {isa = PBXBuildFile; fileRef = F674B2EA2837D00A001AB17F /* executer.c */; };
		F6799E29277C412700BEB3E5 /* main.c in Sources */ = {isa = PBXBuildFile; fileRef = F6799E28277C412700BEB3E5 /* main.c */; };
		F68D9E8A284C53FB00C9E2AB /* array_pointer_check.c in Sources */ = {isa = PBXBuildFile; fileRef = F68D9E89284C53FB00C9E2AB /* array_pointer_check.c */; };
		F690692B28782879006C25CA /* string_check.c in Sources */ = {isa = PBXBuildFile; fileRef = F690692A28782879006C25CA /* string_check.c */; };
		F69EF85F28433FB20078F95A /* struct_example.c in Sources */ = {isa = PBXBuildFile; fileRef = F69EF85E28433FB20078F95A /* struct_example.c */; };
		F69EF862284369B80078F95A /* local_function_value.c in Sources */ = {isa = PBXBuildFile; fileRef = F69EF861284369B80078F95A /* local_function_value.c */; };
		F6B45AC2284CE6F700BED2F8 /* linked_list_check.c in Sources */ = {isa = PBXBuildFile; fileRef = F6B45AC1284CE6F700BED2F8 /* linked_list_check.c */; };
		F6BDBDAE277FE9B500213A8D /* printf_check.c in Sources */ = {isa = PBXBuildFile; fileRef = F6BDBDAD277FE9B500213A8D /* printf_check.c */; };
		F6DAD29A288BA518006A967C /* function_check.c in Sources */ = {isa = PBXBuildFile; fileRef = F6DAD299288BA518006A967C /* function_check.c */; };
		F6DAD29E288BD332006A967C /* sort_and_search.c in Sources */ = {isa = PBXBuildFile; fileRef = F6DAD29D288BD332006A967C /* sort_and_search.c */; };
		F6E67AF528A8979E00D8115F /* snail_array_print.c in Sources */ = {isa = PBXBuildFile; fileRef = F6E67AF428A8979E00D8115F /* snail_array_print.c */; };
		F6FFBE76284DF9ED008C58EE /* file_check.c in Sources */ = {isa = PBXBuildFile; fileRef = F6FFBE75284DF9ED008C58EE /* file_check.c */; };
/* End PBXBuildFile section */

/* Begin PBXCopyFilesBuildPhase section */
		F6799E23277C412700BEB3E5 /* CopyFiles */ = {
			isa = PBXCopyFilesBuildPhase;
			buildActionMask = 2147483647;
			dstPath = /usr/share/man/man1/;
			dstSubfolderSpec = 0;
			files = (
			);
			runOnlyForDeploymentPostprocessing = 1;
		};
/* End PBXCopyFilesBuildPhase section */

/* Begin PBXFileReference section */
		F60A5B5628390A66006DB4F9 /* print_characters.h */ = {isa = PBXFileReference; lastKnownFileType = sourcecode.c.h; path = print_characters.h; sourceTree = "<group>"; };
		F60A5B5728390AA9006DB4F9 /* print_characters.c */ = {isa = PBXFileReference; lastKnownFileType = sourcecode.c.c; path = print_characters.c; sourceTree = "<group>"; };
		F60A5B5928392984006DB4F9 /* area_struct.h */ = {isa = PBXFileReference; lastKnownFileType = sourcecode.c.h; path = area_struct.h; sourceTree = "<group>"; };
		F60A5B5A283929A6006DB4F9 /* area_struct.c */ = {isa = PBXFileReference; lastKnownFileType = sourcecode.c.c; path = area_struct.c; sourceTree = "<group>"; };
		F65FD99D284BB067008D597F /* pointer_check.h */ = {isa = PBXFileReference; lastKnownFileType = sourcecode.c.h; path = pointer_check.h; sourceTree = "<group>"; };
		F65FD99E284BB07E008D597F /* pointer_check.c */ = {isa = PBXFileReference; lastKnownFileType = sourcecode.c.c; path = pointer_check.c; sourceTree = "<group>"; };
		F674B2E92837CFB8001AB17F /* executer.h */ = {isa = PBXFileReference; lastKnownFileType = sourcecode.c.h; path = executer.h; sourceTree = "<group>"; };
		F674B2EA2837D00A001AB17F /* executer.c */ = {isa = PBXFileReference; lastKnownFileType = sourcecode.c.c; path = executer.c; sourceTree = "<group>"; };
		F6799E25277C412700BEB3E5 /* StudyCX */ = {isa = PBXFileReference; explicitFileType = "compiled.mach-o.executable"; includeInIndex = 0; path = StudyCX; sourceTree = BUILT_PRODUCTS_DIR; };
		F6799E28277C412700BEB3E5 /* main.c */ = {isa = PBXFileReference; lastKnownFileType = sourcecode.c.c; path = main.c; sourceTree = "<group>"; };
		F68D9E88284C53B200C9E2AB /* array_pointer_check.h */ = {isa = PBXFileReference; lastKnownFileType = sourcecode.c.h; path = array_pointer_check.h; sourceTree = "<group>"; };
		F68D9E89284C53FB00C9E2AB /* array_pointer_check.c */ = {isa = PBXFileReference; lastKnownFileType = sourcecode.c.c; path = array_pointer_check.c; sourceTree = "<group>"; };
		F690692928782858006C25CA /* string_check.h */ = {isa = PBXFileReference; lastKnownFileType = sourcecode.c.h; path = string_check.h; sourceTree = "<group>"; };
		F690692A28782879006C25CA /* string_check.c */ = {isa = PBXFileReference; lastKnownFileType = sourcecode.c.c; path = string_check.c; sourceTree = "<group>"; };
		F69EF85D28433F910078F95A /* struct_example.h */ = {isa = PBXFileReference; lastKnownFileType = sourcecode.c.h; path = struct_example.h; sourceTree = "<group>"; };
		F69EF85E28433FB20078F95A /* struct_example.c */ = {isa = PBXFileReference; lastKnownFileType = sourcecode.c.c; path = struct_example.c; sourceTree = "<group>"; };
		F69EF8602843696C0078F95A /* local_function_value.h */ = {isa = PBXFileReference; lastKnownFileType = sourcecode.c.h; path = local_function_value.h; sourceTree = "<group>"; };
		F69EF861284369B80078F95A /* local_function_value.c */ = {isa = PBXFileReference; lastKnownFileType = sourcecode.c.c; path = local_function_value.c; sourceTree = "<group>"; };
		F6B45AC0284CE6E700BED2F8 /* linked_list_check.h */ = {isa = PBXFileReference; lastKnownFileType = sourcecode.c.h; path = linked_list_check.h; sourceTree = "<group>"; };
		F6B45AC1284CE6F700BED2F8 /* linked_list_check.c */ = {isa = PBXFileReference; lastKnownFileType = sourcecode.c.c; path = linked_list_check.c; sourceTree = "<group>"; };
		F6BDBDAC277FE9B500213A8D /* printf_check.h */ = {isa = PBXFileReference; lastKnownFileType = sourcecode.c.h; path = printf_check.h; sourceTree = "<group>"; };
		F6BDBDAD277FE9B500213A8D /* printf_check.c */ = {isa = PBXFileReference; lastKnownFileType = sourcecode.c.c; path = printf_check.c; sourceTree = "<group>"; };
		F6BDBDAF2780267200213A8D /* Makefile */ = {isa = PBXFileReference; lastKnownFileType = sourcecode.make; path = Makefile; sourceTree = "<group>"; };
		F6DAD296288BA4C6006A967C /* function_check.h */ = {isa = PBXFileReference; lastKnownFileType = sourcecode.c.h; path = function_check.h; sourceTree = "<group>"; };
		F6DAD297288BA4FC006A967C /* function_check.h */ = {isa = PBXFileReference; lastKnownFileType = sourcecode.c.h; path = function_check.h; sourceTree = "<group>"; };
		F6DAD299288BA518006A967C /* function_check.c */ = {isa = PBXFileReference; lastKnownFileType = sourcecode.c.c; path = function_check.c; sourceTree = "<group>"; };
		F6DAD29B288BD2A4006A967C /* sort_and_search.h */ = {isa = PBXFileReference; lastKnownFileType = sourcecode.c.h; path = sort_and_search.h; sourceTree = "<group>"; };
		F6DAD29C288BD332006A967C /* sort_and_search.h */ = {isa = PBXFileReference; lastKnownFileType = sourcecode.c.h; path = sort_and_search.h; sourceTree = "<group>"; };
		F6DAD29D288BD332006A967C /* sort_and_search.c */ = {isa = PBXFileReference; lastKnownFileType = sourcecode.c.c; path = sort_and_search.c; sourceTree = "<group>"; };
		F6E67AF328A8978A00D8115F /* snail_array_print.h */ = {isa = PBXFileReference; lastKnownFileType = sourcecode.c.h; path = snail_array_print.h; sourceTree = "<group>"; };
		F6E67AF428A8979E00D8115F /* snail_array_print.c */ = {isa = PBXFileReference; lastKnownFileType = sourcecode.c.c; path = snail_array_print.c; sourceTree = "<group>"; };
		F6FFBE74284DF9A4008C58EE /* file_check.h */ = {isa = PBXFileReference; lastKnownFileType = sourcecode.c.h; path = file_check.h; sourceTree = "<group>"; };
		F6FFBE75284DF9ED008C58EE /* file_check.c */ = {isa = PBXFileReference; lastKnownFileType = sourcecode.c.c; path = file_check.c; sourceTree = "<group>"; };
/* End PBXFileReference section */

/* Begin PBXFrameworksBuildPhase section */
		F6799E22277C412700BEB3E5 /* Frameworks */ = {
			isa = PBXFrameworksBuildPhase;
			buildActionMask = 2147483647;
			files = (
			);
			runOnlyForDeploymentPostprocessing = 0;
		};
/* End PBXFrameworksBuildPhase section */

/* Begin PBXGroup section */
		F6799E1C277C412700BEB3E5 = {
			isa = PBXGroup;
			children = (
				F6DAD29B288BD2A4006A967C /* sort_and_search.h */,
				F6DAD296288BA4C6006A967C /* function_check.h */,
				F6BDBDB22780333400213A8D /* obj */,
				F6BDBDAF2780267200213A8D /* Makefile */,
				F6799E27277C412700BEB3E5 /* src */,
				F6799E26277C412700BEB3E5 /* Products */,
			);
			sourceTree = "<group>";
		};
		F6799E26277C412700BEB3E5 /* Products */ = {
			isa = PBXGroup;
			children = (
				F6799E25277C412700BEB3E5 /* StudyCX */,
			);
			name = Products;
			sourceTree = "<group>";
		};
		F6799E27277C412700BEB3E5 /* src */ = {
			isa = PBXGroup;
			children = (
				F6799E28277C412700BEB3E5 /* main.c */,
				F674B2E92837CFB8001AB17F /* executer.h */,
				F674B2EA2837D00A001AB17F /* executer.c */,
				F6BDBDAC277FE9B500213A8D /* printf_check.h */,
				F6BDBDAD277FE9B500213A8D /* printf_check.c */,
				F69EF85D28433F910078F95A /* struct_example.h */,
				F69EF85E28433FB20078F95A /* struct_example.c */,
				F60A5B5628390A66006DB4F9 /* print_characters.h */,
				F60A5B5728390AA9006DB4F9 /* print_characters.c */,
				F60A5B5928392984006DB4F9 /* area_struct.h */,
				F60A5B5A283929A6006DB4F9 /* area_struct.c */,
				F69EF8602843696C0078F95A /* local_function_value.h */,
				F69EF861284369B80078F95A /* local_function_value.c */,
				F65FD99D284BB067008D597F /* pointer_check.h */,
				F65FD99E284BB07E008D597F /* pointer_check.c */,
				F68D9E88284C53B200C9E2AB /* array_pointer_check.h */,
				F68D9E89284C53FB00C9E2AB /* array_pointer_check.c */,
				F6B45AC0284CE6E700BED2F8 /* linked_list_check.h */,
				F6B45AC1284CE6F700BED2F8 /* linked_list_check.c */,
				F6FFBE74284DF9A4008C58EE /* file_check.h */,
				F6FFBE75284DF9ED008C58EE /* file_check.c */,
				F690692928782858006C25CA /* string_check.h */,
				F690692A28782879006C25CA /* string_check.c */,
				F6DAD297288BA4FC006A967C /* function_check.h */,
				F6DAD299288BA518006A967C /* function_check.c */,
				F6DAD29C288BD332006A967C /* sort_and_search.h */,
				F6DAD29D288BD332006A967C /* sort_and_search.c */,
				F6E67AF328A8978A00D8115F /* snail_array_print.h */,
				F6E67AF428A8979E00D8115F /* snail_array_print.c */,
			);
			path = src;
			sourceTree = "<group>";
		};
		F6BDBDB22780333400213A8D /* obj */ = {
			isa = PBXGroup;
			children = (
			);
			path = obj;
			sourceTree = "<group>";
		};
/* End PBXGroup section */

/* Begin PBXNativeTarget section */
		F6799E24277C412700BEB3E5 /* StudyCX */ = {
			isa = PBXNativeTarget;
			buildConfigurationList = F6799E2C277C412700BEB3E5 /* Build configuration list for PBXNativeTarget "StudyCX" */;
			buildPhases = (
				F6799E21277C412700BEB3E5 /* Sources */,
				F6799E22277C412700BEB3E5 /* Frameworks */,
				F6799E23277C412700BEB3E5 /* CopyFiles */,
			);
			buildRules = (
			);
			dependencies = (
			);
			name = StudyCX;
			productName = StudyCX;
			productReference = F6799E25277C412700BEB3E5 /* StudyCX */;
			productType = "com.apple.product-type.tool";
		};
/* End PBXNativeTarget section */

/* Begin PBXProject section */
		F6799E1D277C412700BEB3E5 /* Project object */ = {
			isa = PBXProject;
			attributes = {
				BuildIndependentTargetsInParallel = 1;
				LastUpgradeCheck = 1320;
				TargetAttributes = {
					F6799E24277C412700BEB3E5 = {
						CreatedOnToolsVersion = 13.2.1;
					};
				};
			};
			buildConfigurationList = F6799E20277C412700BEB3E5 /* Build configuration list for PBXProject "StudyCX" */;
			compatibilityVersion = "Xcode 13.0";
			developmentRegion = en;
			hasScannedForEncodings = 0;
			knownRegions = (
				en,
				Base,
			);
			mainGroup = F6799E1C277C412700BEB3E5;
			productRefGroup = F6799E26277C412700BEB3E5 /* Products */;
			projectDirPath = "";
			projectRoot = "";
			targets = (
				F6799E24277C412700BEB3E5 /* StudyCX */,
			);
		};
/* End PBXProject section */

/* Begin PBXSourcesBuildPhase section */
		F6799E21277C412700BEB3E5 /* Sources */ = {
			isa = PBXSourcesBuildPhase;
			buildActionMask = 2147483647;
			files = (
				F6799E29277C412700BEB3E5 /* main.c in Sources */,
				F6BDBDAE277FE9B500213A8D /* printf_check.c in Sources */,
				F6E67AF528A8979E00D8115F /* snail_array_print.c in Sources */,
				F69EF85F28433FB20078F95A /* struct_example.c in Sources */,
				F6DAD29A288BA518006A967C /* function_check.c in Sources */,
				F68D9E8A284C53FB00C9E2AB /* array_pointer_check.c in Sources */,
				F6DAD29E288BD332006A967C /* sort_and_search.c in Sources */,
				F60A5B5828390AA9006DB4F9 /* print_characters.c in Sources */,
				F60A5B5B283929A6006DB4F9 /* area_struct.c in Sources */,
				F674B2EB2837D00A001AB17F /* executer.c in Sources */,
				F6B45AC2284CE6F700BED2F8 /* linked_list_check.c in Sources */,
				F6FFBE76284DF9ED008C58EE /* file_check.c in Sources */,
				F65FD99F284BB07E008D597F /* pointer_check.c in Sources */,
				F690692B28782879006C25CA /* string_check.c in Sources */,
				F69EF862284369B80078F95A /* local_function_value.c in Sources */,
			);
			runOnlyForDeploymentPostprocessing = 0;
		};
/* End PBXSourcesBuildPhase section */

/* Begin XCBuildConfiguration section */
		F6799E2A277C412700BEB3E5 /* Debug */ = {
			isa = XCBuildConfiguration;
			buildSettings = {
				ALWAYS_SEARCH_USER_PATHS = NO;
				CLANG_ANALYZER_NONNULL = YES;
				CLANG_ANALYZER_NUMBER_OBJECT_CONVERSION = YES_AGGRESSIVE;
				CLANG_CXX_LANGUAGE_STANDARD = "gnu++17";
				CLANG_CXX_LIBRARY = "libc++";
				CLANG_ENABLE_MODULES = YES;
				CLANG_ENABLE_OBJC_ARC = YES;
				CLANG_ENABLE_OBJC_WEAK = YES;
				CLANG_WARN_BLOCK_CAPTURE_AUTORELEASING = YES;
				CLANG_WARN_BOOL_CONVERSION = YES;
				CLANG_WARN_COMMA = YES;
				CLANG_WARN_CONSTANT_CONVERSION = YES;
				CLANG_WARN_DEPRECATED_OBJC_IMPLEMENTATIONS = YES;
				CLANG_WARN_DIRECT_OBJC_ISA_USAGE = YES_ERROR;
				CLANG_WARN_DOCUMENTATION_COMMENTS = YES;
				CLANG_WARN_EMPTY_BODY = YES;
				CLANG_WARN_ENUM_CONVERSION = YES;
				CLANG_WARN_INFINITE_RECURSION = YES;
				CLANG_WARN_INT_CONVERSION = YES;
				CLANG_WARN_NON_LITERAL_NULL_CONVERSION = YES;
				CLANG_WARN_OBJC_IMPLICIT_RETAIN_SELF = YES;
				CLANG_WARN_OBJC_LITERAL_CONVERSION = YES;
				CLANG_WARN_OBJC_ROOT_CLASS = YES_ERROR;
				CLANG_WARN_QUOTED_INCLUDE_IN_FRAMEWORK_HEADER = YES;
				CLANG_WARN_RANGE_LOOP_ANALYSIS = YES;
				CLANG_WARN_STRICT_PROTOTYPES = YES;
				CLANG_WARN_SUSPICIOUS_MOVE = YES;
				CLANG_WARN_UNGUARDED_AVAILABILITY = YES_AGGRESSIVE;
				CLANG_WARN_UNREACHABLE_CODE = YES;
				CLANG_WARN__DUPLICATE_METHOD_MATCH = YES;
				COPY_PHASE_STRIP = NO;
				DEBUG_INFORMATION_FORMAT = dwarf;
				ENABLE_STRICT_OBJC_MSGSEND = YES;
				ENABLE_TESTABILITY = YES;
				GCC_C_LANGUAGE_STANDARD = gnu11;
				GCC_DYNAMIC_NO_PIC = NO;
				GCC_NO_COMMON_BLOCKS = YES;
				GCC_OPTIMIZATION_LEVEL = 0;
				GCC_PREPROCESSOR_DEFINITIONS = (
					"DEBUG=1",
					"$(inherited)",
				);
				GCC_WARN_64_TO_32_BIT_CONVERSION = YES;
				GCC_WARN_ABOUT_RETURN_TYPE = YES_ERROR;
				GCC_WARN_UNDECLARED_SELECTOR = YES;
				GCC_WARN_UNINITIALIZED_AUTOS = YES_AGGRESSIVE;
				GCC_WARN_UNUSED_FUNCTION = YES;
				GCC_WARN_UNUSED_VARIABLE = YES;
				MACOSX_DEPLOYMENT_TARGET = 12.0;
				MTL_ENABLE_DEBUG_INFO = INCLUDE_SOURCE;
				MTL_FAST_MATH = YES;
				ONLY_ACTIVE_ARCH = YES;
				SDKROOT = macosx;
			};
			name = Debug;
		};
		F6799E2B277C412700BEB3E5 /* Release */ = {
			isa = XCBuildConfiguration;
			buildSettings = {
				ALWAYS_SEARCH_USER_PATHS = NO;
				CLANG_ANALYZER_NONNULL = YES;
				CLANG_ANALYZER_NUMBER_OBJECT_CONVERSION = YES_AGGRESSIVE;
				CLANG_CXX_LANGUAGE_STANDARD = "gnu++17";
				CLANG_CXX_LIBRARY = "libc++";
				CLANG_ENABLE_MODULES = YES;
				CLANG_ENABLE_OBJC_ARC = YES;
				CLANG_ENABLE_OBJC_WEAK = YES;
				CLANG_WARN_BLOCK_CAPTURE_AUTORELEASING = YES;
				CLANG_WARN_BOOL_CONVERSION = YES;
				CLANG_WARN_COMMA = YES;
				CLANG_WARN_CONSTANT_CONVERSION = YES;
				CLANG_WARN_DEPRECATED_OBJC_IMPLEMENTATIONS = YES;
				CLANG_WARN_DIRECT_OBJC_ISA_USAGE = YES_ERROR;
				CLANG_WARN_DOCUMENTATION_COMMENTS = YES;
				CLANG_WARN_EMPTY_BODY = YES;
				CLANG_WARN_ENUM_CONVERSION = YES;
				CLANG_WARN_INFINITE_RECURSION = YES;
				CLANG_WARN_INT_CONVERSION = YES;
				CLANG_WARN_NON_LITERAL_NULL_CONVERSION = YES;
				CLANG_WARN_OBJC_IMPLICIT_RETAIN_SELF = YES;
				CLANG_WARN_OBJC_LITERAL_CONVERSION = YES;
				CLANG_WARN_OBJC_ROOT_CLASS = YES_ERROR;
				CLANG_WARN_QUOTED_INCLUDE_IN_FRAMEWORK_HEADER = YES;
				CLANG_WARN_RANGE_LOOP_ANALYSIS = YES;
				CLANG_WARN_STRICT_PROTOTYPES = YES;
				CLANG_WARN_SUSPICIOUS_MOVE = YES;
				CLANG_WARN_UNGUARDED_AVAILABILITY = YES_AGGRESSIVE;
				CLANG_WARN_UNREACHABLE_CODE = YES;
				CLANG_WARN__DUPLICATE_METHOD_MATCH = YES;
				COPY_PHASE_STRIP = NO;
				DEBUG_INFORMATION_FORMAT = "dwarf-with-dsym";
				ENABLE_NS_ASSERTIONS = NO;
				ENABLE_STRICT_OBJC_MSGSEND = YES;
				GCC_C_LANGUAGE_STANDARD = gnu11;
				GCC_NO_COMMON_BLOCKS = YES;
				GCC_WARN_64_TO_32_BIT_CONVERSION = YES;
				GCC_WARN_ABOUT_RETURN_TYPE = YES_ERROR;
				GCC_WARN_UNDECLARED_SELECTOR = YES;
				GCC_WARN_UNINITIALIZED_AUTOS = YES_AGGRESSIVE;
				GCC_WARN_UNUSED_FUNCTION = YES;
				GCC_WARN_UNUSED_VARIABLE = YES;
				MACOSX_DEPLOYMENT_TARGET = 12.0;
				MTL_ENABLE_DEBUG_INFO = NO;
				MTL_FAST_MATH = YES;
				SDKROOT = macosx;
			};
			name = Release;
		};
		F6799E2D277C412700BEB3E5 /* Debug */ = {
			isa = XCBuildConfiguration;
			buildSettings = {
				CODE_SIGN_STYLE = Automatic;
				DEVELOPMENT_TEAM = 25Q7X82Q22;
				ENABLE_HARDENED_RUNTIME = YES;
				PRODUCT_NAME = "$(TARGET_NAME)";
			};
			name = Debug;
		};
		F6799E2E277C412700BEB3E5 /* Release */ = {
			isa = XCBuildConfiguration;
			buildSettings = {
				CODE_SIGN_STYLE = Automatic;
				DEVELOPMENT_TEAM = 25Q7X82Q22;
				ENABLE_HARDENED_RUNTIME = YES;
				PRODUCT_NAME = "$(TARGET_NAME)";
			};
			name = Release;
		};
/* End XCBuildConfiguration section */

/* Begin XCConfigurationList section */
		F6799E20277C412700BEB3E5 /* Build configuration list for PBXProject "StudyCX" */ = {
			isa = XCConfigurationList;
			buildConfigurations = (
				F6799E2A277C412700BEB3E5 /* Debug */,
				F6799E2B277C412700BEB3E5 /* Release */,
			);
			defaultConfigurationIsVisible = 0;
			defaultConfigurationName = Release;
		};
		F6799E2C277C412700BEB3E5 /* Build configuration list for PBXNativeTarget "StudyCX" */ = {
			isa = XCConfigurationList;
			buildConfigurations = (
				F6799E2D277C412700BEB3E5 /* Debug */,
				F6799E2E277C412700BEB3E5 /* Release */,
			);
			defaultConfigurationIsVisible = 0;
			defaultConfigurationName = Release;
		};
/* End XCConfigurationList section */
	};
	rootObject = F6799E1D277C412700BEB3E5 /* Project object */;
}
